
Microsoft Visual Studio Solution File, Format Version 12.00
# Visual Studio Version 16
VisualStudioVersion = 16.0.30907.101
MinimumVisualStudioVersion = 10.0.40219.1
Project("{2150E333-8FDC-42A3-9474-1A3956D46DE8}") = "Creational", "Creational", "{542EFBB6-BEF3-41AA-BAC0-6006035F3B2C}"
EndProject
Project("{9A19103F-16F7-4668-BE54-9A1E7A4F7556}") = "AbstractFactory", "Creational\AbstractFactory\AbstractFactory.csproj", "{D5269F38-F231-4143-B4F5-4DFF3735D4C6}"
EndProject
Project("{9A19103F-16F7-4668-BE54-9A1E7A4F7556}") = "Builder", "Creational\Builder\Builder.csproj", "{08B0EB9C-EB93-4814-91E6-DEDA60794CFD}"
EndProject
Project("{9A19103F-16F7-4668-BE54-9A1E7A4F7556}") = "FactoryMethod", "Creational\FactoryMethod\FactoryMethod.csproj", "{0E4535AB-6373-4CA5-8031-12686F08D946}"
EndProject
Project("{9A19103F-16F7-4668-BE54-9A1E7A4F7556}") = "Prototype", "Creational\Prototype\Prototype.csproj", "{7F9A4161-919F-49B3-B66E-4BD6980B75FE}"
EndProject
Project("{9A19103F-16F7-4668-BE54-9A1E7A4F7556}") = "Singleton", "Creational\Singleton\Singleton.csproj", "{C2B06024-7811-42CE-8F56-F38ACB302F78}"
EndProject
Project("{2150E333-8FDC-42A3-9474-1A3956D46DE8}") = "Structural", "Structural", "{4DA7DEA6-7F00-435B-B597-D9DD2ABE6429}"
EndProject
Project("{9A19103F-16F7-4668-BE54-9A1E7A4F7556}") = "Adapter", "Structural\Adapter\Adapter.csproj", "{22A5A229-479B-4615-85C1-900BE173B5A3}"
EndProject
Project("{9A19103F-16F7-4668-BE54-9A1E7A4F7556}") = "Bridge", "Structural\Bridge\Bridge.csproj", "{BD1F59C9-614A-4C6A-8FF2-38715D1879DD}"
EndProject
Project("{9A19103F-16F7-4668-BE54-9A1E7A4F7556}") = "Composite", "Structural\Composite\Composite.csproj", "{E6D6BBED-0186-4CB6-A1F3-D1C0EB449449}"
EndProject
Project("{9A19103F-16F7-4668-BE54-9A1E7A4F7556}") = "Decorator", "Structural\Decorator\Decorator.csproj", "{7AAFE721-BFE6-4669-8D2D-F9128FE6CFAF}"
EndProject
Project("{9A19103F-16F7-4668-BE54-9A1E7A4F7556}") = "Facade", "Structural\Facade\Facade.csproj", "{CDA04D7B-616E-417F-8EEA-943CB6CFB411}"
EndProject
Project("{9A19103F-16F7-4668-BE54-9A1E7A4F7556}") = "Flyweight", "Structural\Flyweight\Flyweight.csproj", "{92D989BB-0236-4853-86CF-A872F1B252C1}"
EndProject
Project("{9A19103F-16F7-4668-BE54-9A1E7A4F7556}") = "Proxy", "Structural\Proxy\Proxy.csproj", "{75F3273D-76A1-4E81-A2E3-93C683B17190}"
EndProject
Project("{2150E333-8FDC-42A3-9474-1A3956D46DE8}") = "Behavioral", "Behavioral", "{224B4B71-879A-4CC9-AF89-3A5FA855A5E2}"
EndProject
Project("{9A19103F-16F7-4668-BE54-9A1E7A4F7556}") = "ChainOfResponsibility", "Behavioral\ChainOfResponsibility\ChainOfResponsibility.csproj", "{953D5846-79B8-49A5-86E2-D48912D97191}"
EndProject
Project("{9A19103F-16F7-4668-BE54-9A1E7A4F7556}") = "Command", "Behavioral\Command\Command.csproj", "{D05B0367-8C44-4E7F-8610-5CAC60737EC0}"
EndProject
Project("{9A19103F-16F7-4668-BE54-9A1E7A4F7556}") = "Iterator", "Behavioral\Iterator\Iterator.csproj", "{3F4DB0D7-E958-4334-A351-7E9F1F91F913}"
EndProject
Project("{9A19103F-16F7-4668-BE54-9A1E7A4F7556}") = "Mediator", "Behavioral\Mediator\Mediator.csproj", "{2264B33D-8BFA-4A67-8CFE-E53A2346A24E}"
EndProject
Project("{9A19103F-16F7-4668-BE54-9A1E7A4F7556}") = "Memento", "Behavioral\Memento\Memento.csproj", "{9F948300-C71A-4738-8999-358535B75B95}"
EndProject
Project("{9A19103F-16F7-4668-BE54-9A1E7A4F7556}") = "Observer", "Behavioral\Observer\Observer.csproj", "{A5DCEE14-F3AE-4B31-AA84-EFD2A575F751}"
EndProject
Project("{9A19103F-16F7-4668-BE54-9A1E7A4F7556}") = "State", "Behavioral\State\State.csproj", "{6FF240EF-5249-4CA1-8605-5FBB7392F5D8}"
EndProject
Project("{FAE04EC0-301F-11D3-BF4B-00C04F79EFBC}") = "Strategy", "Behavioral\Strategy\Strategy.csproj", "{D88849A4-F867-46A3-8957-584F28D40046}"
EndProject
Project("{FAE04EC0-301F-11D3-BF4B-00C04F79EFBC}") = "TemplateMethod", "Behavioral\TemplateMethod\TemplateMethod.csproj", "{72409BD9-E0D9-4BF7-9EF6-BE11F5652B0B}"
EndProject
Project("{FAE04EC0-301F-11D3-BF4B-00C04F79EFBC}") = "Visitor", "Behavioral\Visitor\Visitor.csproj", "{126E16A2-3E43-4189-8F22-E1E5DF943ACB}"
EndProject
Global
	GlobalSection(SolutionConfigurationPlatforms) = preSolution
		Debug|Any CPU = Debug|Any CPU
		Release|Any CPU = Release|Any CPU
	EndGlobalSection
	GlobalSection(ProjectConfigurationPlatforms) = postSolution
		{D5269F38-F231-4143-B4F5-4DFF3735D4C6}.Debug|Any CPU.ActiveCfg = Debug|Any CPU
		{D5269F38-F231-4143-B4F5-4DFF3735D4C6}.Debug|Any CPU.Build.0 = Debug|Any CPU
		{D5269F38-F231-4143-B4F5-4DFF3735D4C6}.Release|Any CPU.ActiveCfg = Release|Any CPU
		{D5269F38-F231-4143-B4F5-4DFF3735D4C6}.Release|Any CPU.Build.0 = Release|Any CPU
		{08B0EB9C-EB93-4814-91E6-DEDA60794CFD}.Debug|Any CPU.ActiveCfg = Debug|Any CPU
		{08B0EB9C-EB93-4814-91E6-DEDA60794CFD}.Debug|Any CPU.Build.0 = Debug|Any CPU
		{08B0EB9C-EB93-4814-91E6-DEDA60794CFD}.Release|Any CPU.ActiveCfg = Release|Any CPU
		{08B0EB9C-EB93-4814-91E6-DEDA60794CFD}.Release|Any CPU.Build.0 = Release|Any CPU
		{0E4535AB-6373-4CA5-8031-12686F08D946}.Debug|Any CPU.ActiveCfg = Debug|Any CPU
		{0E4535AB-6373-4CA5-8031-12686F08D946}.Debug|Any CPU.Build.0 = Debug|Any CPU
		{0E4535AB-6373-4CA5-8031-12686F08D946}.Release|Any CPU.ActiveCfg = Release|Any CPU
		{0E4535AB-6373-4CA5-8031-12686F08D946}.Release|Any CPU.Build.0 = Release|Any CPU
		{7F9A4161-919F-49B3-B66E-4BD6980B75FE}.Debug|Any CPU.ActiveCfg = Debug|Any CPU
		{7F9A4161-919F-49B3-B66E-4BD6980B75FE}.Debug|Any CPU.Build.0 = Debug|Any CPU
		{7F9A4161-919F-49B3-B66E-4BD6980B75FE}.Release|Any CPU.ActiveCfg = Release|Any CPU
		{7F9A4161-919F-49B3-B66E-4BD6980B75FE}.Release|Any CPU.Build.0 = Release|Any CPU
		{C2B06024-7811-42CE-8F56-F38ACB302F78}.Debug|Any CPU.ActiveCfg = Debug|Any CPU
		{C2B06024-7811-42CE-8F56-F38ACB302F78}.Debug|Any CPU.Build.0 = Debug|Any CPU
		{C2B06024-7811-42CE-8F56-F38ACB302F78}.Release|Any CPU.ActiveCfg = Release|Any CPU
		{C2B06024-7811-42CE-8F56-F38ACB302F78}.Release|Any CPU.Build.0 = Release|Any CPU
		{22A5A229-479B-4615-85C1-900BE173B5A3}.Debug|Any CPU.ActiveCfg = Debug|Any CPU
		{22A5A229-479B-4615-85C1-900BE173B5A3}.Debug|Any CPU.Build.0 = Debug|Any CPU
		{22A5A229-479B-4615-85C1-900BE173B5A3}.Release|Any CPU.ActiveCfg = Release|Any CPU
		{22A5A229-479B-4615-85C1-900BE173B5A3}.Release|Any CPU.Build.0 = Release|Any CPU
		{BD1F59C9-614A-4C6A-8FF2-38715D1879DD}.Debug|Any CPU.ActiveCfg = Debug|Any CPU
		{BD1F59C9-614A-4C6A-8FF2-38715D1879DD}.Debug|Any CPU.Build.0 = Debug|Any CPU
		{BD1F59C9-614A-4C6A-8FF2-38715D1879DD}.Release|Any CPU.ActiveCfg = Release|Any CPU
		{BD1F59C9-614A-4C6A-8FF2-38715D1879DD}.Release|Any CPU.Build.0 = Release|Any CPU
		{E6D6BBED-0186-4CB6-A1F3-D1C0EB449449}.Debug|Any CPU.ActiveCfg = Debug|Any CPU
		{E6D6BBED-0186-4CB6-A1F3-D1C0EB449449}.Debug|Any CPU.Build.0 = Debug|Any CPU
		{E6D6BBED-0186-4CB6-A1F3-D1C0EB449449}.Release|Any CPU.ActiveCfg = Release|Any CPU
		{E6D6BBED-0186-4CB6-A1F3-D1C0EB449449}.Release|Any CPU.Build.0 = Release|Any CPU
		{7AAFE721-BFE6-4669-8D2D-F9128FE6CFAF}.Debug|Any CPU.ActiveCfg = Debug|Any CPU
		{7AAFE721-BFE6-4669-8D2D-F9128FE6CFAF}.Debug|Any CPU.Build.0 = Debug|Any CPU
		{7AAFE721-BFE6-4669-8D2D-F9128FE6CFAF}.Release|Any CPU.ActiveCfg = Release|Any CPU
		{7AAFE721-BFE6-4669-8D2D-F9128FE6CFAF}.Release|Any CPU.Build.0 = Release|Any CPU
		{CDA04D7B-616E-417F-8EEA-943CB6CFB411}.Debug|Any CPU.ActiveCfg = Debug|Any CPU
		{CDA04D7B-616E-417F-8EEA-943CB6CFB411}.Debug|Any CPU.Build.0 = Debug|Any CPU
		{CDA04D7B-616E-417F-8EEA-943CB6CFB411}.Release|Any CPU.ActiveCfg = Release|Any CPU
		{CDA04D7B-616E-417F-8EEA-943CB6CFB411}.Release|Any CPU.Build.0 = Release|Any CPU
		{92D989BB-0236-4853-86CF-A872F1B252C1}.Debug|Any CPU.ActiveCfg = Debug|Any CPU
		{92D989BB-0236-4853-86CF-A872F1B252C1}.Debug|Any CPU.Build.0 = Debug|Any CPU
		{92D989BB-0236-4853-86CF-A872F1B252C1}.Release|Any CPU.ActiveCfg = Release|Any CPU
		{92D989BB-0236-4853-86CF-A872F1B252C1}.Release|Any CPU.Build.0 = Release|Any CPU
		{75F3273D-76A1-4E81-A2E3-93C683B17190}.Debug|Any CPU.ActiveCfg = Debug|Any CPU
		{75F3273D-76A1-4E81-A2E3-93C683B17190}.Debug|Any CPU.Build.0 = Debug|Any CPU
		{75F3273D-76A1-4E81-A2E3-93C683B17190}.Release|Any CPU.ActiveCfg = Release|Any CPU
		{75F3273D-76A1-4E81-A2E3-93C683B17190}.Release|Any CPU.Build.0 = Release|Any CPU
		{953D5846-79B8-49A5-86E2-D48912D97191}.Debug|Any CPU.ActiveCfg = Debug|Any CPU
		{953D5846-79B8-49A5-86E2-D48912D97191}.Debug|Any CPU.Build.0 = Debug|Any CPU
		{953D5846-79B8-49A5-86E2-D48912D97191}.Release|Any CPU.ActiveCfg = Release|Any CPU
		{953D5846-79B8-49A5-86E2-D48912D97191}.Release|Any CPU.Build.0 = Release|Any CPU
		{D05B0367-8C44-4E7F-8610-5CAC60737EC0}.Debug|Any CPU.ActiveCfg = Debug|Any CPU
		{D05B0367-8C44-4E7F-8610-5CAC60737EC0}.Debug|Any CPU.Build.0 = Debug|Any CPU
		{D05B0367-8C44-4E7F-8610-5CAC60737EC0}.Release|Any CPU.ActiveCfg = Release|Any CPU
		{D05B0367-8C44-4E7F-8610-5CAC60737EC0}.Release|Any CPU.Build.0 = Release|Any CPU
		{3F4DB0D7-E958-4334-A351-7E9F1F91F913}.Debug|Any CPU.ActiveCfg = Debug|Any CPU
		{3F4DB0D7-E958-4334-A351-7E9F1F91F913}.Debug|Any CPU.Build.0 = Debug|Any CPU
		{3F4DB0D7-E958-4334-A351-7E9F1F91F913}.Release|Any CPU.ActiveCfg = Release|Any CPU
		{3F4DB0D7-E958-4334-A351-7E9F1F91F913}.Release|Any CPU.Build.0 = Release|Any CPU
		{2264B33D-8BFA-4A67-8CFE-E53A2346A24E}.Debug|Any CPU.ActiveCfg = Debug|Any CPU
		{2264B33D-8BFA-4A67-8CFE-E53A2346A24E}.Debug|Any CPU.Build.0 = Debug|Any CPU
		{2264B33D-8BFA-4A67-8CFE-E53A2346A24E}.Release|Any CPU.ActiveCfg = Release|Any CPU
		{2264B33D-8BFA-4A67-8CFE-E53A2346A24E}.Release|Any CPU.Build.0 = Release|Any CPU
		{9F948300-C71A-4738-8999-358535B75B95}.Debug|Any CPU.ActiveCfg = Debug|Any CPU
		{9F948300-C71A-4738-8999-358535B75B95}.Debug|Any CPU.Build.0 = Debug|Any CPU
		{9F948300-C71A-4738-8999-358535B75B95}.Release|Any CPU.ActiveCfg = Release|Any CPU
		{9F948300-C71A-4738-8999-358535B75B95}.Release|Any CPU.Build.0 = Release|Any CPU
		{A5DCEE14-F3AE-4B31-AA84-EFD2A575F751}.Debug|Any CPU.ActiveCfg = Debug|Any CPU
		{A5DCEE14-F3AE-4B31-AA84-EFD2A575F751}.Debug|Any CPU.Build.0 = Debug|Any CPU
		{A5DCEE14-F3AE-4B31-AA84-EFD2A575F751}.Release|Any CPU.ActiveCfg = Release|Any CPU
		{A5DCEE14-F3AE-4B31-AA84-EFD2A575F751}.Release|Any CPU.Build.0 = Release|Any CPU
		{6FF240EF-5249-4CA1-8605-5FBB7392F5D8}.Debug|Any CPU.ActiveCfg = Debug|Any CPU
		{6FF240EF-5249-4CA1-8605-5FBB7392F5D8}.Debug|Any CPU.Build.0 = Debug|Any CPU
		{6FF240EF-5249-4CA1-8605-5FBB7392F5D8}.Release|Any CPU.ActiveCfg = Release|Any CPU
		{6FF240EF-5249-4CA1-8605-5FBB7392F5D8}.Release|Any CPU.Build.0 = Release|Any CPU
		{D88849A4-F867-46A3-8957-584F28D40046}.Debug|Any CPU.ActiveCfg = Debug|Any CPU
		{D88849A4-F867-46A3-8957-584F28D40046}.Debug|Any CPU.Build.0 = Debug|Any CPU
		{D88849A4-F867-46A3-8957-584F28D40046}.Release|Any CPU.ActiveCfg = Release|Any CPU
		{D88849A4-F867-46A3-8957-584F28D40046}.Release|Any CPU.Build.0 = Release|Any CPU
		{72409BD9-E0D9-4BF7-9EF6-BE11F5652B0B}.Debug|Any CPU.ActiveCfg = Debug|Any CPU
		{72409BD9-E0D9-4BF7-9EF6-BE11F5652B0B}.Debug|Any CPU.Build.0 = Debug|Any CPU
		{72409BD9-E0D9-4BF7-9EF6-BE11F5652B0B}.Release|Any CPU.ActiveCfg = Release|Any CPU
		{72409BD9-E0D9-4BF7-9EF6-BE11F5652B0B}.Release|Any CPU.Build.0 = Release|Any CPU
		{126E16A2-3E43-4189-8F22-E1E5DF943ACB}.Debug|Any CPU.ActiveCfg = Debug|Any CPU
		{126E16A2-3E43-4189-8F22-E1E5DF943ACB}.Debug|Any CPU.Build.0 = Debug|Any CPU
		{126E16A2-3E43-4189-8F22-E1E5DF943ACB}.Release|Any CPU.ActiveCfg = Release|Any CPU
		{126E16A2-3E43-4189-8F22-E1E5DF943ACB}.Release|Any CPU.Build.0 = Release|Any CPU
	EndGlobalSection
	GlobalSection(SolutionProperties) = preSolution
		HideSolutionNode = FALSE
	EndGlobalSection
	GlobalSection(NestedProjects) = preSolution
		{D5269F38-F231-4143-B4F5-4DFF3735D4C6} = {542EFBB6-BEF3-41AA-BAC0-6006035F3B2C}
		{08B0EB9C-EB93-4814-91E6-DEDA60794CFD} = {542EFBB6-BEF3-41AA-BAC0-6006035F3B2C}
		{0E4535AB-6373-4CA5-8031-12686F08D946} = {542EFBB6-BEF3-41AA-BAC0-6006035F3B2C}
		{7F9A4161-919F-49B3-B66E-4BD6980B75FE} = {542EFBB6-BEF3-41AA-BAC0-6006035F3B2C}
		{C2B06024-7811-42CE-8F56-F38ACB302F78} = {542EFBB6-BEF3-41AA-BAC0-6006035F3B2C}
		{22A5A229-479B-4615-85C1-900BE173B5A3} = {4DA7DEA6-7F00-435B-B597-D9DD2ABE6429}
		{BD1F59C9-614A-4C6A-8FF2-38715D1879DD} = {4DA7DEA6-7F00-435B-B597-D9DD2ABE6429}
		{E6D6BBED-0186-4CB6-A1F3-D1C0EB449449} = {4DA7DEA6-7F00-435B-B597-D9DD2ABE6429}
		{7AAFE721-BFE6-4669-8D2D-F9128FE6CFAF} = {4DA7DEA6-7F00-435B-B597-D9DD2ABE6429}
		{CDA04D7B-616E-417F-8EEA-943CB6CFB411} = {4DA7DEA6-7F00-435B-B597-D9DD2ABE6429}
		{92D989BB-0236-4853-86CF-A872F1B252C1} = {4DA7DEA6-7F00-435B-B597-D9DD2ABE6429}
		{75F3273D-76A1-4E81-A2E3-93C683B17190} = {4DA7DEA6-7F00-435B-B597-D9DD2ABE6429}
		{953D5846-79B8-49A5-86E2-D48912D97191} = {224B4B71-879A-4CC9-AF89-3A5FA855A5E2}
		{D05B0367-8C44-4E7F-8610-5CAC60737EC0} = {224B4B71-879A-4CC9-AF89-3A5FA855A5E2}
		{3F4DB0D7-E958-4334-A351-7E9F1F91F913} = {224B4B71-879A-4CC9-AF89-3A5FA855A5E2}
		{2264B33D-8BFA-4A67-8CFE-E53A2346A24E} = {224B4B71-879A-4CC9-AF89-3A5FA855A5E2}
		{9F948300-C71A-4738-8999-358535B75B95} = {224B4B71-879A-4CC9-AF89-3A5FA855A5E2}
		{A5DCEE14-F3AE-4B31-AA84-EFD2A575F751} = {224B4B71-879A-4CC9-AF89-3A5FA855A5E2}
		{6FF240EF-5249-4CA1-8605-5FBB7392F5D8} = {224B4B71-879A-4CC9-AF89-3A5FA855A5E2}
		{D88849A4-F867-46A3-8957-584F28D40046} = {224B4B71-879A-4CC9-AF89-3A5FA855A5E2}
		{72409BD9-E0D9-4BF7-9EF6-BE11F5652B0B} = {224B4B71-879A-4CC9-AF89-3A5FA855A5E2}
		{126E16A2-3E43-4189-8F22-E1E5DF943ACB} = {224B4B71-879A-4CC9-AF89-3A5FA855A5E2}
	EndGlobalSection
	GlobalSection(ExtensibilityGlobals) = postSolution
		SolutionGuid = {7DD0275A-F08B-4712-85C8-BBA00D8BF7BF}
	EndGlobalSection
EndGlobal
